// !$*UTF8*$!
{
	archiveVersion = 1;
	classes = {
	};
	objectVersion = 55;
	objects = {

/* Begin PBXBuildFile section */
		180843CC2916B8E2007173C0 /* Swizzle.swift in Sources */ = {isa = PBXBuildFile; fileRef = 180843CA2916B8E2007173C0 /* Swizzle.swift */; };
		180843CD2916B8E2007173C0 /* Extension.swift in Sources */ = {isa = PBXBuildFile; fileRef = 180843CB2916B8E2007173C0 /* Extension.swift */; };
		180844A62917F28B007173C0 /* SwiftyLoad.m in Sources */ = {isa = PBXBuildFile; fileRef = 180844A52917F28B007173C0 /* SwiftyLoad.m */; };
		18C1913A29129C0900332E7F /* AppDelegate.swift in Sources */ = {isa = PBXBuildFile; fileRef = 18C1913929129C0900332E7F /* AppDelegate.swift */; };
		18C1913C29129C0900332E7F /* SceneDelegate.swift in Sources */ = {isa = PBXBuildFile; fileRef = 18C1913B29129C0900332E7F /* SceneDelegate.swift */; };
		18C1913E29129C0900332E7F /* ViewController.swift in Sources */ = {isa = PBXBuildFile; fileRef = 18C1913D29129C0900332E7F /* ViewController.swift */; };
		18C1914129129C0900332E7F /* Main.storyboard in Resources */ = {isa = PBXBuildFile; fileRef = 18C1913F29129C0900332E7F /* Main.storyboard */; };
		18C1914329129C0B00332E7F /* Assets.xcassets in Resources */ = {isa = PBXBuildFile; fileRef = 18C1914229129C0B00332E7F /* Assets.xcassets */; };
		18C1914629129C0B00332E7F /* LaunchScreen.storyboard in Resources */ = {isa = PBXBuildFile; fileRef = 18C1914429129C0B00332E7F /* LaunchScreen.storyboard */; };
/* End PBXBuildFile section */

/* Begin PBXFileReference section */
		180843CA2916B8E2007173C0 /* Swizzle.swift */ = {isa = PBXFileReference; fileEncoding = 4; lastKnownFileType = sourcecode.swift; path = Swizzle.swift; sourceTree = "<group>"; };
		180843CB2916B8E2007173C0 /* Extension.swift */ = {isa = PBXFileReference; fileEncoding = 4; lastKnownFileType = sourcecode.swift; path = Extension.swift; sourceTree = "<group>"; };
		180844A32917F28B007173C0 /* SensorData-swift-Bridging-Header.h */ = {isa = PBXFileReference; lastKnownFileType = sourcecode.c.h; path = "SensorData-swift-Bridging-Header.h"; sourceTree = "<group>"; };
		180844A42917F28B007173C0 /* SwiftyLoad.h */ = {isa = PBXFileReference; lastKnownFileType = sourcecode.c.h; path = SwiftyLoad.h; sourceTree = "<group>"; };
		180844A52917F28B007173C0 /* SwiftyLoad.m */ = {isa = PBXFileReference; lastKnownFileType = sourcecode.c.objc; path = SwiftyLoad.m; sourceTree = "<group>"; };
		18C1913629129C0900332E7F /* SensorData-swift.app */ = {isa = PBXFileReference; explicitFileType = wrapper.application; includeInIndex = 0; path = "SensorData-swift.app"; sourceTree = BUILT_PRODUCTS_DIR; };
		18C1913929129C0900332E7F /* AppDelegate.swift */ = {isa = PBXFileReference; lastKnownFileType = sourcecode.swift; path = AppDelegate.swift; sourceTree = "<group>"; };
		18C1913B29129C0900332E7F /* SceneDelegate.swift */ = {isa = PBXFileReference; lastKnownFileType = sourcecode.swift; path = SceneDelegate.swift; sourceTree = "<group>"; };
		18C1913D29129C0900332E7F /* ViewController.swift */ = {isa = PBXFileReference; lastKnownFileType = sourcecode.swift; path = ViewController.swift; sourceTree = "<group>"; };
		18C1914029129C0900332E7F /* Base */ = {isa = PBXFileReference; lastKnownFileType = file.storyboard; name = Base; path = Base.lproj/Main.storyboard; sourceTree = "<group>"; };
		18C1914229129C0B00332E7F /* Assets.xcassets */ = {isa = PBXFileReference; lastKnownFileType = folder.assetcatalog; path = Assets.xcassets; sourceTree = "<group>"; };
		18C1914529129C0B00332E7F /* Base */ = {isa = PBXFileReference; lastKnownFileType = file.storyboard; name = Base; path = Base.lproj/LaunchScreen.storyboard; sourceTree = "<group>"; };
		18C1914729129C0B00332E7F /* Info.plist */ = {isa = PBXFileReference; lastKnownFileType = text.plist.xml; path = Info.plist; sourceTree = "<group>"; };
/* End PBXFileReference section */

/* Begin PBXFrameworksBuildPhase section */
		18C1913329129C0900332E7F /* Frameworks */ = {
			isa = PBXFrameworksBuildPhase;
			buildActionMask = 2147483647;
			files = (
			);
			runOnlyForDeploymentPostprocessing = 0;
		};
/* End PBXFrameworksBuildPhase section */

/* Begin PBXGroup section */
		180843C92916B8E2007173C0 /* Class */ = {
			isa = PBXGroup;
			children = (
				180843CA2916B8E2007173C0 /* Swizzle.swift */,
				180843CB2916B8E2007173C0 /* Extension.swift */,
				180844A42917F28B007173C0 /* SwiftyLoad.h */,
				180844A52917F28B007173C0 /* SwiftyLoad.m */,
				180844A32917F28B007173C0 /* SensorData-swift-Bridging-Header.h */,
			);
			path = Class;
			sourceTree = "<group>";
		};
		18C1912D29129C0900332E7F = {
			isa = PBXGroup;
			children = (
				18C1913829129C0900332E7F /* SensorData-swift */,
				18C1913729129C0900332E7F /* Products */,
			);
			sourceTree = "<group>";
		};
		18C1913729129C0900332E7F /* Products */ = {
			isa = PBXGroup;
			children = (
				18C1913629129C0900332E7F /* SensorData-swift.app */,
			);
			name = Products;
			sourceTree = "<group>";
		};
		18C1913829129C0900332E7F /* SensorData-swift */ = {
			isa = PBXGroup;
			children = (
				18C1913929129C0900332E7F /* AppDelegate.swift */,
				18C1913B29129C0900332E7F /* SceneDelegate.swift */,
				18C1913D29129C0900332E7F /* ViewController.swift */,
				180843C92916B8E2007173C0 /* Class */,
				18C1913F29129C0900332E7F /* Main.storyboard */,
				18C1914229129C0B00332E7F /* Assets.xcassets */,
				18C1914429129C0B00332E7F /* LaunchScreen.storyboard */,
				18C1914729129C0B00332E7F /* Info.plist */,
			);
			path = "SensorData-swift";
			sourceTree = "<group>";
		};
/* End PBXGroup section */

/* Begin PBXNativeTarget section */
		18C1913529129C0900332E7F /* SensorData-swift */ = {
			isa = PBXNativeTarget;
			buildConfigurationList = 18C1914A29129C0B00332E7F /* Build configuration list for PBXNativeTarget "SensorData-swift" */;
			buildPhases = (
				18C1913229129C0900332E7F /* Sources */,
				18C1913329129C0900332E7F /* Frameworks */,
				18C1913429129C0900332E7F /* Resources */,
			);
			buildRules = (
			);
			dependencies = (
			);
			name = "SensorData-swift";
			productName = "SensorData-swift";
			productReference = 18C1913629129C0900332E7F /* SensorData-swift.app */;
			productType = "com.apple.product-type.application";
		};
/* End PBXNativeTarget section */

/* Begin PBXProject section */
		18C1912E29129C0900332E7F /* Project object */ = {
			isa = PBXProject;
			attributes = {
				BuildIndependentTargetsInParallel = 1;
				LastSwiftUpdateCheck = 1340;
				LastUpgradeCheck = 1340;
				TargetAttributes = {
					18C1913529129C0900332E7F = {
						CreatedOnToolsVersion = 13.4.1;
						LastSwiftMigration = 1340;
					};
				};
			};
			buildConfigurationList = 18C1913129129C0900332E7F /* Build configuration list for PBXProject "SensorData-swift" */;
			compatibilityVersion = "Xcode 13.0";
			developmentRegion = en;
			hasScannedForEncodings = 0;
			knownRegions = (
				en,
				Base,
			);
			mainGroup = 18C1912D29129C0900332E7F;
			productRefGroup = 18C1913729129C0900332E7F /* Products */;
			projectDirPath = "";
			projectRoot = "";
			targets = (
				18C1913529129C0900332E7F /* SensorData-swift */,
			);
		};
/* End PBXProject section */

/* Begin PBXResourcesBuildPhase section */
		18C1913429129C0900332E7F /* Resources */ = {
			isa = PBXResourcesBuildPhase;
			buildActionMask = 2147483647;
			files = (
				18C1914629129C0B00332E7F /* LaunchScreen.storyboard in Resources */,
				18C1914329129C0B00332E7F /* Assets.xcassets in Resources */,
				18C1914129129C0900332E7F /* Main.storyboard in Resources */,
			);
			runOnlyForDeploymentPostprocessing = 0;
		};
/* End PBXResourcesBuildPhase section */

/* Begin PBXSourcesBuildPhase section */
		18C1913229129C0900332E7F /* Sources */ = {
			isa = PBXSourcesBuildPhase;
			buildActionMask = 2147483647;
			files = (
				180843CD2916B8E2007173C0 /* Extension.swift in Sources */,
				180843CC2916B8E2007173C0 /* Swizzle.swift in Sources */,
				18C1913E29129C0900332E7F /* ViewController.swift in Sources */,
				180844A62917F28B007173C0 /* SwiftyLoad.m in Sources */,
				18C1913A29129C0900332E7F /* AppDelegate.swift in Sources */,
				18C1913C29129C0900332E7F /* SceneDelegate.swift in Sources */,
			);
			runOnlyForDeploymentPostprocessing = 0;
		};
/* End PBXSourcesBuildPhase section */

/* Begin PBXVariantGroup section */
		18C1913F29129C0900332E7F /* Main.storyboard */ = {
			isa = PBXVariantGroup;
			children = (
				18C1914029129C0900332E7F /* Base */,
			);
			name = Main.storyboard;
			sourceTree = "<group>";
		};
		18C1914429129C0B00332E7F /* LaunchScreen.storyboard */ = {
			isa = PBXVariantGroup;
			children = (
				18C1914529129C0B00332E7F /* Base */,
			);
			name = LaunchScreen.storyboard;
			sourceTree = "<group>";
		};
/* End PBXVariantGroup section */

/* Begin XCBuildConfiguration section */
		18C1914829129C0B00332E7F /* Debug */ = {
			isa = XCBuildConfiguration;
			buildSettings = {
				ALWAYS_SEARCH_USER_PATHS = NO;
				CLANG_ANALYZER_NONNULL = YES;
				CLANG_ANALYZER_NUMBER_OBJECT_CONVERSION = YES_AGGRESSIVE;
				CLANG_CXX_LANGUAGE_STANDARD = "gnu++17";
				CLANG_ENABLE_MODULES = YES;
				CLANG_ENABLE_OBJC_ARC = YES;
				CLANG_ENABLE_OBJC_WEAK = YES;
				CLANG_WARN_BLOCK_CAPTURE_AUTORELEASING = YES;
				CLANG_WARN_BOOL_CONVERSION = YES;
				CLANG_WARN_COMMA = YES;
				CLANG_WARN_CONSTANT_CONVERSION = YES;
				CLANG_WARN_DEPRECATED_OBJC_IMPLEMENTATIONS = YES;
				CLANG_WARN_DIRECT_OBJC_ISA_USAGE = YES_ERROR;
				CLANG_WARN_DOCUMENTATION_COMMENTS = YES;
				CLANG_WARN_EMPTY_BODY = YES;
				CLANG_WARN_ENUM_CONVERSION = YES;
				CLANG_WARN_INFINITE_RECURSION = YES;
				CLANG_WARN_INT_CONVERSION = YES;
				CLANG_WARN_NON_LITERAL_NULL_CONVERSION = YES;
				CLANG_WARN_OBJC_IMPLICIT_RETAIN_SELF = YES;
				CLANG_WARN_OBJC_LITERAL_CONVERSION = YES;
				CLANG_WARN_OBJC_ROOT_CLASS = YES_ERROR;
				CLANG_WARN_QUOTED_INCLUDE_IN_FRAMEWORK_HEADER = YES;
				CLANG_WARN_RANGE_LOOP_ANALYSIS = YES;
				CLANG_WARN_STRICT_PROTOTYPES = YES;
				CLANG_WARN_SUSPICIOUS_MOVE = YES;
				CLANG_WARN_UNGUARDED_AVAILABILITY = YES_AGGRESSIVE;
				CLANG_WARN_UNREACHABLE_CODE = YES;
				CLANG_WARN__DUPLICATE_METHOD_MATCH = YES;
				COPY_PHASE_STRIP = NO;
				DEBUG_INFORMATION_FORMAT = dwarf;
				ENABLE_STRICT_OBJC_MSGSEND = YES;
				ENABLE_TESTABILITY = YES;
				GCC_C_LANGUAGE_STANDARD = gnu11;
				GCC_DYNAMIC_NO_PIC = NO;
				GCC_NO_COMMON_BLOCKS = YES;
				GCC_OPTIMIZATION_LEVEL = 0;
				GCC_PREPROCESSOR_DEFINITIONS = (
					"DEBUG=1",
					"$(inherited)",
				);
				GCC_WARN_64_TO_32_BIT_CONVERSION = YES;
				GCC_WARN_ABOUT_RETURN_TYPE = YES_ERROR;
				GCC_WARN_UNDECLARED_SELECTOR = YES;
				GCC_WARN_UNINITIALIZED_AUTOS = YES_AGGRESSIVE;
				GCC_WARN_UNUSED_FUNCTION = YES;
				GCC_WARN_UNUSED_VARIABLE = YES;
				IPHONEOS_DEPLOYMENT_TARGET = 15.5;
				MTL_ENABLE_DEBUG_INFO = INCLUDE_SOURCE;
				MTL_FAST_MATH = YES;
				ONLY_ACTIVE_ARCH = YES;
				SDKROOT = iphoneos;
				SWIFT_ACTIVE_COMPILATION_CONDITIONS = DEBUG;
				SWIFT_OPTIMIZATION_LEVEL = "-Onone";
			};
			name = Debug;
		};
		18C1914929129C0B00332E7F /* Release */ = {
			isa = XCBuildConfiguration;
			buildSettings = {
				ALWAYS_SEARCH_USER_PATHS = NO;
				CLANG_ANALYZER_NONNULL = YES;
				CLANG_ANALYZER_NUMBER_OBJECT_CONVERSION = YES_AGGRESSIVE;
				CLANG_CXX_LANGUAGE_STANDARD = "gnu++17";
				CLANG_ENABLE_MODULES = YES;
				CLANG_ENABLE_OBJC_ARC = YES;
				CLANG_ENABLE_OBJC_WEAK = YES;
				CLANG_WARN_BLOCK_CAPTURE_AUTORELEASING = YES;
				CLANG_WARN_BOOL_CONVERSION = YES;
				CLANG_WARN_COMMA = YES;
				CLANG_WARN_CONSTANT_CONVERSION = YES;
				CLANG_WARN_DEPRECATED_OBJC_IMPLEMENTATIONS = YES;
				CLANG_WARN_DIRECT_OBJC_ISA_USAGE = YES_ERROR;
				CLANG_WARN_DOCUMENTATION_COMMENTS = YES;
				CLANG_WARN_EMPTY_BODY = YES;
				CLANG_WARN_ENUM_CONVERSION = YES;
				CLANG_WARN_INFINITE_RECURSION = YES;
				CLANG_WARN_INT_CONVERSION = YES;
				CLANG_WARN_NON_LITERAL_NULL_CONVERSION = YES;
				CLANG_WARN_OBJC_IMPLICIT_RETAIN_SELF = YES;
				CLANG_WARN_OBJC_LITERAL_CONVERSION = YES;
				CLANG_WARN_OBJC_ROOT_CLASS = YES_ERROR;
				CLANG_WARN_QUOTED_INCLUDE_IN_FRAMEWORK_HEADER = YES;
				CLANG_WARN_RANGE_LOOP_ANALYSIS = YES;
				CLANG_WARN_STRICT_PROTOTYPES = YES;
				CLANG_WARN_SUSPICIOUS_MOVE = YES;
				CLANG_WARN_UNGUARDED_AVAILABILITY = YES_AGGRESSIVE;
				CLANG_WARN_UNREACHABLE_CODE = YES;
				CLANG_WARN__DUPLICATE_METHOD_MATCH = YES;
				COPY_PHASE_STRIP = NO;
				DEBUG_INFORMATION_FORMAT = "dwarf-with-dsym";
				ENABLE_NS_ASSERTIONS = NO;
				ENABLE_STRICT_OBJC_MSGSEND = YES;
				GCC_C_LANGUAGE_STANDARD = gnu11;
				GCC_NO_COMMON_BLOCKS = YES;
				GCC_WARN_64_TO_32_BIT_CONVERSION = YES;
				GCC_WARN_ABOUT_RETURN_TYPE = YES_ERROR;
				GCC_WARN_UNDECLARED_SELECTOR = YES;
				GCC_WARN_UNINITIALIZED_AUTOS = YES_AGGRESSIVE;
				GCC_WARN_UNUSED_FUNCTION = YES;
				GCC_WARN_UNUSED_VARIABLE = YES;
				IPHONEOS_DEPLOYMENT_TARGET = 15.5;
				MTL_ENABLE_DEBUG_INFO = NO;
				MTL_FAST_MATH = YES;
				SDKROOT = iphoneos;
				SWIFT_COMPILATION_MODE = wholemodule;
				SWIFT_OPTIMIZATION_LEVEL = "-O";
				VALIDATE_PRODUCT = YES;
			};
			name = Release;
		};
		18C1914B29129C0B00332E7F /* Debug */ = {
			isa = XCBuildConfiguration;
			buildSettings = {
				ASSETCATALOG_COMPILER_APPICON_NAME = AppIcon;
				ASSETCATALOG_COMPILER_GLOBAL_ACCENT_COLOR_NAME = AccentColor;
				CLANG_ENABLE_MODULES = YES;
				CODE_SIGN_STYLE = Automatic;
				CURRENT_PROJECT_VERSION = 1;
				DEFINES_MODULE = YES;
				DEVELOPMENT_TEAM = B3FNS52DMT;
				GENERATE_INFOPLIST_FILE = YES;
				INFOPLIST_FILE = "SensorData-swift/Info.plist";
				INFOPLIST_KEY_UIApplicationSupportsIndirectInputEvents = YES;
				INFOPLIST_KEY_UILaunchStoryboardName = LaunchScreen;
				INFOPLIST_KEY_UIMainStoryboardFile = Main;
				INFOPLIST_KEY_UISupportedInterfaceOrientations_iPad = "UIInterfaceOrientationPortrait UIInterfaceOrientationPortraitUpsideDown UIInterfaceOrientationLandscapeLeft UIInterfaceOrientationLandscapeRight";
				INFOPLIST_KEY_UISupportedInterfaceOrientations_iPhone = "UIInterfaceOrientationPortrait UIInterfaceOrientationLandscapeLeft UIInterfaceOrientationLandscapeRight";
				LD_RUNPATH_SEARCH_PATHS = (
					"$(inherited)",
					"@executable_path/Frameworks",
				);
				MARKETING_VERSION = 1.0;
				PRODUCT_BUNDLE_IDENTIFIER = "com.solution.mm.SensorData-swift";
				PRODUCT_NAME = "$(TARGET_NAME)";
				SWIFT_EMIT_LOC_STRINGS = YES;
				SWIFT_OBJC_BRIDGING_HEADER = "SensorData-swift/Class/SensorData-swift-Bridging-Header.h";
				SWIFT_OPTIMIZATION_LEVEL = "-Onone";
				SWIFT_VERSION = 5.0;
				TARGETED_DEVICE_FAMILY = "1,2";
			};
			name = Debug;
		};
		18C1914C29129C0B00332E7F /* Release */ = {
			isa = XCBuildConfiguration;
			buildSettings = {
				ASSETCATALOG_COMPILER_APPICON_NAME = AppIcon;
				ASSETCATALOG_COMPILER_GLOBAL_ACCENT_COLOR_NAME = AccentColor;
				CLANG_ENABLE_MODULES = YES;
				CODE_SIGN_STYLE = Automatic;
				CURRENT_PROJECT_VERSION = 1;
				DEFINES_MODULE = YES;
				DEVELOPMENT_TEAM = B3FNS52DMT;
				GENERATE_INFOPLIST_FILE = YES;
				INFOPLIST_FILE = "SensorData-swift/Info.plist";
				INFOPLIST_KEY_UIApplicationSupportsIndirectInputEvents = YES;
				INFOPLIST_KEY_UILaunchStoryboardName = LaunchScreen;
				INFOPLIST_KEY_UIMainStoryboardFile = Main;
				INFOPLIST_KEY_UISupportedInterfaceOrientations_iPad = "UIInterfaceOrientationPortrait UIInterfaceOrientationPortraitUpsideDown UIInterfaceOrientationLandscapeLeft UIInterfaceOrientationLandscapeRight";
				INFOPLIST_KEY_UISupportedInterfaceOrientations_iPhone = "UIInterfaceOrientationPortrait UIInterfaceOrientationLandscapeLeft UIInterfaceOrientationLandscapeRight";
				LD_RUNPATH_SEARCH_PATHS = (
					"$(inherited)",
					"@executable_path/Frameworks",
				);
				MARKETING_VERSION = 1.0;
				PRODUCT_BUNDLE_IDENTIFIER = "com.solution.mm.SensorData-swift";
				PRODUCT_NAME = "$(TARGET_NAME)";
				SWIFT_EMIT_LOC_STRINGS = YES;
				SWIFT_OBJC_BRIDGING_HEADER = "SensorData-swift/Class/SensorData-swift-Bridging-Header.h";
				SWIFT_VERSION = 5.0;
				TARGETED_DEVICE_FAMILY = "1,2";
			};
			name = Release;
		};
/* End XCBuildConfiguration section */

/* Begin XCConfigurationList section */
		18C1913129129C0900332E7F /* Build configuration list for PBXProject "SensorData-swift" */ = {
			isa = XCConfigurationList;
			buildConfigurations = (
				18C1914829129C0B00332E7F /* Debug */,
				18C1914929129C0B00332E7F /* Release */,
			);
			defaultConfigurationIsVisible = 0;
			defaultConfigurationName = Release;
		};
		18C1914A29129C0B00332E7F /* Build configuration list for PBXNativeTarget "SensorData-swift" */ = {
			isa = XCConfigurationList;
			buildConfigurations = (
				18C1914B29129C0B00332E7F /* Debug */,
				18C1914C29129C0B00332E7F /* Release */,
			);
			defaultConfigurationIsVisible = 0;
			defaultConfigurationName = Release;
		};
/* End XCConfigurationList section */
	};
	rootObject = 18C1912E29129C0900332E7F /* Project object */;
}
